
Microsoft Visual Studio Solution File, Format Version 12.00
# Visual Studio Version 17
VisualStudioVersion = 17.6.33723.286
MinimumVisualStudioVersion = 10.0.40219.1
Project("{FAE04EC0-301F-11D3-BF4B-00C04F79EFBC}") = "dynamicurl_blazor_wasm", "dynamicurl_blazor_wasm.csproj", "{555C471B-5176-40E4-8DD2-73DD5849E6D1}"
EndProject
Global
	GlobalSection(SolutionConfigurationPlatforms) = preSolution
		Debug|Any CPU = Debug|Any CPU
		Release|Any CPU = Release|Any CPU
	EndGlobalSection
	GlobalSection(ProjectConfigurationPlatforms) = postSolution
		{555C471B-5176-40E4-8DD2-73DD5849E6D1}.Debug|Any CPU.ActiveCfg = Debug|Any CPU
		{555C471B-5176-40E4-8DD2-73DD5849E6D1}.Debug|Any CPU.Build.0 = Debug|Any CPU
		{555C471B-5176-40E4-8DD2-73DD5849E6D1}.Release|Any CPU.ActiveCfg = Release|Any CPU
		{555C471B-5176-40E4-8DD2-73DD5849E6D1}.Release|Any CPU.Build.0 = Release|Any CPU
	EndGlobalSection
	GlobalSection(SolutionProperties) = preSolution
		HideSolutionNode = FALSE
	EndGlobalSection
	GlobalSection(ExtensibilityGlobals) = postSolution
		SolutionGuid = {7066AA28-0CDD-4B14-8F24-9DB0C9E14DF5}
	EndGlobalSection
EndGlobal
